{
  "name": "npmtest",
  "version": "2.0.0",
  "lockfileVersion": 2,
  "requires": true,
  "packages": {
    "": {
      "version": "2.0.0",
      "license": "ISC",
      "dependencies": {
        "chopped": "^2.0.0",
        "davidddddd": "^1.0.0",
        "hosninpm": "^1.1.1"
      }
    },
    "node_modules/chopped": {
      "version": "2.0.0",
      "resolved": "https://registry.npmjs.org/chopped/-/chopped-2.0.0.tgz",
      "integrity": "sha512-2SrItgZ2yzb3Uc17YqIU6yRmRwvOGc5arfcbsDzViad/7dKYXBamWnyopr5eLGLCPZtLR07FzsnoZM8QhLv0iw==",
      "license": "ISC"
    },
    "node_modules/davidddddd": {
      "version": "1.0.0",
      "resolved": "https://registry.npmjs.org/davidddddd/-/davidddddd-1.0.0.tgz",
      "integrity": "sha512-OE9Y8LVGP3XGfpktKsOcfNTNM21SRdZsaPJQBpYS0wndxHy7rN27hcHU11dzWphlJHvHVEwt9IYOPwoK+C39Eg==",
      "dependencies": {
        "shadyfast": "^1.0.0"
      }
    },
    "node_modules/hosninpm": {
      "version": "1.1.1",
      "resolved": "https://registry.npmjs.org/hosninpm/-/hosninpm-1.1.1.tgz",
      "integrity": "sha512-JKvxaxs77LCYsKMNmnERGcmrYDakC8AGko4+x81MoyRv0/H/WE5+yS+VO7xwndfLbd89rGs8bCC8PtUK7r6vKw==",
      "dependencies": {
        "hosninpm": "^1.0.0"
      }
    },
    "node_modules/shadyfast": {
      "version": "1.0.0",
      "resolved": "https://registry.npmjs.org/shadyfast/-/shadyfast-1.0.0.tgz",
      "integrity": "sha512-HCBRFtnrLEEkDoYfLY1BHXPYlFrg3TTCjOUijruJCpemRf/B9Rt60lNMckHMfggkr3/hM1oMGTdr4GiIGaCjwA=="
    }
  },
  "dependencies": {
    "chopped": {
      "version": "2.0.0",
      "resolved": "https://registry.npmjs.org/chopped/-/chopped-2.0.0.tgz",
      "integrity": "sha512-2SrItgZ2yzb3Uc17YqIU6yRmRwvOGc5arfcbsDzViad/7dKYXBamWnyopr5eLGLCPZtLR07FzsnoZM8QhLv0iw=="
    },
    "davidddddd": {
      "version": "1.0.0",
      "resolved": "https://registry.npmjs.org/davidddddd/-/davidddddd-1.0.0.tgz",
      "integrity": "sha512-OE9Y8LVGP3XGfpktKsOcfNTNM21SRdZsaPJQBpYS0wndxHy7rN27hcHU11dzWphlJHvHVEwt9IYOPwoK+C39Eg==",
      "requires": {
        "shadyfast": "^1.0.0"
      }
    },
    "hosninpm": {
      "version": "1.1.1",
      "resolved": "https://registry.npmjs.org/hosninpm/-/hosninpm-1.1.1.tgz",
      "integrity": "sha512-JKvxaxs77LCYsKMNmnERGcmrYDakC8AGko4+x81MoyRv0/H/WE5+yS+VO7xwndfLbd89rGs8bCC8PtUK7r6vKw==",
      "requires": {
        "hosninpm": "^1.0.0"
      }
    },
    "shadyfast": {
      "version": "1.0.0",
      "resolved": "https://registry.npmjs.org/shadyfast/-/shadyfast-1.0.0.tgz",
      "integrity": "sha512-HCBRFtnrLEEkDoYfLY1BHXPYlFrg3TTCjOUijruJCpemRf/B9Rt60lNMckHMfggkr3/hM1oMGTdr4GiIGaCjwA=="
    }
  }
}
