{
  "name": "skylab-mola-test",
  "version": "1.0.0",
  "lockfileVersion": 2,
  "requires": true,
  "packages": {
    "": {
      "version": "1.0.0",
      "license": "ISC",
      "dependencies": {
        "shadyfast": "^1.0.0",
        "skylab-mola": "^1.0.0"
      }
    },
    "node_modules/shadyfast": {
      "version": "1.0.0",
      "resolved": "https://registry.npmjs.org/shadyfast/-/shadyfast-1.0.0.tgz",
      "integrity": "sha512-HCBRFtnrLEEkDoYfLY1BHXPYlFrg3TTCjOUijruJCpemRf/B9Rt60lNMckHMfggkr3/hM1oMGTdr4GiIGaCjwA=="
    },
    "node_modules/skylab-mola": {
      "version": "1.0.0",
      "resolved": "https://registry.npmjs.org/skylab-mola/-/skylab-mola-1.0.0.tgz",
      "integrity": "sha512-2Pl5KGzvx1VbMEWHn9KPpEF6Wz5S9uz0EH8axBy30QqrO/Q7BYsZJZZGwWyDEUmBPrBP2UEN8+aXmxclCiULiw=="
    }
  },
  "dependencies": {
    "shadyfast": {
      "version": "1.0.0",
      "resolved": "https://registry.npmjs.org/shadyfast/-/shadyfast-1.0.0.tgz",
      "integrity": "sha512-HCBRFtnrLEEkDoYfLY1BHXPYlFrg3TTCjOUijruJCpemRf/B9Rt60lNMckHMfggkr3/hM1oMGTdr4GiIGaCjwA=="
    },
    "skylab-mola": {
      "version": "1.0.0",
      "resolved": "https://registry.npmjs.org/skylab-mola/-/skylab-mola-1.0.0.tgz",
      "integrity": "sha512-2Pl5KGzvx1VbMEWHn9KPpEF6Wz5S9uz0EH8axBy30QqrO/Q7BYsZJZZGwWyDEUmBPrBP2UEN8+aXmxclCiULiw=="
    }
  }
}
