{
  "name": "use-package",
  "version": "1.0.0",
  "lockfileVersion": 1,
  "requires": true,
  "dependencies": {
    "asmprint": {
      "version": "2.0.0",
      "resolved": "https://registry.npmjs.org/asmprint/-/asmprint-2.0.0.tgz",
      "integrity": "sha512-PuAdwOR7LMPkqTxWNZdovYYasD7F3SbPWoOhtWs41YUaY1YMRWTyebC+mN4NTLPG+oiaMD8+CJ8OYm1P5hL+LQ=="
    },
    "chopped": {
      "version": "2.0.0",
      "resolved": "https://registry.npmjs.org/chopped/-/chopped-2.0.0.tgz",
      "integrity": "sha512-2SrItgZ2yzb3Uc17YqIU6yRmRwvOGc5arfcbsDzViad/7dKYXBamWnyopr5eLGLCPZtLR07FzsnoZM8QhLv0iw=="
    }
  }
}
