{
  "name": "npm_project",
  "version": "1.0.0",
  "lockfileVersion": 1,
  "requires": true,
  "dependencies": {
    "juanda-testing-skylab": {
      "version": "1.0.0",
      "resolved": "https://registry.npmjs.org/juanda-testing-skylab/-/juanda-testing-skylab-1.0.0.tgz",
      "integrity": "sha512-AGf5QHGAdbQ7oHkUAggVIqOEF88vhna5KsonmFcM4O1fObHPy12hvXtp50CtuhX+WmnYr0QX1wYPqHnCzrfw1A=="
    },
    "skylab-mola": {
      "version": "1.0.0",
      "resolved": "https://registry.npmjs.org/skylab-mola/-/skylab-mola-1.0.0.tgz",
      "integrity": "sha512-2Pl5KGzvx1VbMEWHn9KPpEF6Wz5S9uz0EH8axBy30QqrO/Q7BYsZJZZGwWyDEUmBPrBP2UEN8+aXmxclCiULiw=="
    }
  }
}
