{
  "name": "node-practice",
  "lockfileVersion": 2,
  "requires": true,
  "packages": {
    "": {
      "dependencies": {
        "dotenv": "^9.0.2",
        "shadyfast": "^1.0.0",
        "skylab-mola": "^1.0.0"
      }
    },
    "node_modules/dotenv": {
      "version": "9.0.2",
      "resolved": "https://registry.npmjs.org/dotenv/-/dotenv-9.0.2.tgz",
      "integrity": "sha512-I9OvvrHp4pIARv4+x9iuewrWycX6CcZtoAu1XrzPxc5UygMJXJZYmBsynku8IkrJwgypE5DGNjDPmPRhDCptUg==",
      "engines": {
        "node": ">=10"
      }
    },
    "node_modules/shadyfast": {
      "version": "1.0.0",
      "resolved": "https://registry.npmjs.org/shadyfast/-/shadyfast-1.0.0.tgz",
      "integrity": "sha512-HCBRFtnrLEEkDoYfLY1BHXPYlFrg3TTCjOUijruJCpemRf/B9Rt60lNMckHMfggkr3/hM1oMGTdr4GiIGaCjwA=="
    },
    "node_modules/skylab-mola": {
      "version": "1.0.0",
      "resolved": "https://registry.npmjs.org/skylab-mola/-/skylab-mola-1.0.0.tgz",
      "integrity": "sha512-2Pl5KGzvx1VbMEWHn9KPpEF6Wz5S9uz0EH8axBy30QqrO/Q7BYsZJZZGwWyDEUmBPrBP2UEN8+aXmxclCiULiw=="
    }
  },
  "dependencies": {
    "dotenv": {
      "version": "9.0.2",
      "resolved": "https://registry.npmjs.org/dotenv/-/dotenv-9.0.2.tgz",
      "integrity": "sha512-I9OvvrHp4pIARv4+x9iuewrWycX6CcZtoAu1XrzPxc5UygMJXJZYmBsynku8IkrJwgypE5DGNjDPmPRhDCptUg=="
    },
    "shadyfast": {
      "version": "1.0.0",
      "resolved": "https://registry.npmjs.org/shadyfast/-/shadyfast-1.0.0.tgz",
      "integrity": "sha512-HCBRFtnrLEEkDoYfLY1BHXPYlFrg3TTCjOUijruJCpemRf/B9Rt60lNMckHMfggkr3/hM1oMGTdr4GiIGaCjwA=="
    },
    "skylab-mola": {
      "version": "1.0.0",
      "resolved": "https://registry.npmjs.org/skylab-mola/-/skylab-mola-1.0.0.tgz",
      "integrity": "sha512-2Pl5KGzvx1VbMEWHn9KPpEF6Wz5S9uz0EH8axBy30QqrO/Q7BYsZJZZGwWyDEUmBPrBP2UEN8+aXmxclCiULiw=="
    }
  }
}
