{
  "name": "npm-test",
  "version": "1.0.0",
  "lockfileVersion": 1,
  "requires": true,
  "dependencies": {
    "cbm-cristian-bars": {
      "version": "1.0.0",
      "resolved": "https://registry.npmjs.org/cbm-cristian-bars/-/cbm-cristian-bars-1.0.0.tgz",
      "integrity": "sha512-nC5c2XSg6MfrZ4faUHtapodXIrrbam2QVJPjMmAtCxrLZuCNFFzdPJ2nOFiNsRUdbXjOWvN35gWV9tPWgRzkIQ=="
    },
    "juanda-testing-skylab": {
      "version": "1.0.0",
      "resolved": "https://registry.npmjs.org/juanda-testing-skylab/-/juanda-testing-skylab-1.0.0.tgz",
      "integrity": "sha512-AGf5QHGAdbQ7oHkUAggVIqOEF88vhna5KsonmFcM4O1fObHPy12hvXtp50CtuhX+WmnYr0QX1wYPqHnCzrfw1A=="
    }
  }
}
